# This file is automatically @generated by Poetry 1.7.1 and should not be changed by hand.

[[package]]
name = "test-maturin-cedar"
version = "0.1.1"
description = "cedar-policy bindings"
optional = false
python-versions = ">=3.12"
files = [
    {file = "test_maturin_cedar-0.1.1-cp312-cp312-macosx_10_12_x86_64.whl", hash = "sha256:481f8556b2e67ae239ca8880b86130085795c0cbfabd9b149d2d88a21b222aad"},
    {file = "test_maturin_cedar-0.1.1-cp312-cp312-macosx_11_0_arm64.whl", hash = "sha256:f8eaf9fdd8ff19139963ebc52b48071109f362bbcaf5f4501159acb6fda7444b"},
    {file = "test_maturin_cedar-0.1.1-cp312-cp312-manylinux_2_17_aarch64.manylinux2014_aarch64.whl", hash = "sha256:8fa8a8495a518c9bbf7b609f92da347ae838e1c0d29c8c574b6e11805afa354e"},
    {file = "test_maturin_cedar-0.1.1-cp312-cp312-manylinux_2_17_armv7l.manylinux2014_armv7l.whl", hash = "sha256:f41ee6fb83e0e1ac3045d57a5ffdee73b7e280e057406092917cb466f290bdb7"},
    {file = "test_maturin_cedar-0.1.1-cp312-cp312-manylinux_2_17_ppc64le.manylinux2014_ppc64le.whl", hash = "sha256:ca31b39e628a797e9b8416242b031bf939b8964b06b22e7d8b2f132b84137759"},
    {file = "test_maturin_cedar-0.1.1-cp312-cp312-manylinux_2_17_s390x.manylinux2014_s390x.whl", hash = "sha256:38742fda142d161e943cc12178af237aa17e718e9184365afaf8a8d679c746dc"},
    {file = "test_maturin_cedar-0.1.1-cp312-cp312-manylinux_2_17_x86_64.manylinux2014_x86_64.whl", hash = "sha256:85ff07f88e2df747250aec1bb8b7be91e770dc24992dc719a2556cce2a1c3561"},
    {file = "test_maturin_cedar-0.1.1-cp312-cp312-manylinux_2_5_i686.manylinux1_i686.whl", hash = "sha256:e635e8ca1422795df4ffbf85314a80d54ad10f48ad7bd4a4d709d92cb41a5069"},
    {file = "test_maturin_cedar-0.1.1-cp312-none-win32.whl", hash = "sha256:93f7f2be48dfd631de6b06e5490cd42cf091da51ad7e2b6376848049e6b6d9f9"},
    {file = "test_maturin_cedar-0.1.1-cp312-none-win_amd64.whl", hash = "sha256:b94c0ca3d2a4acf4b93b3af29d7b766239b645b25ceb83dcf0a72b03aaed335c"},
    {file = "test_maturin_cedar-0.1.1-cp313-cp313-manylinux_2_17_aarch64.manylinux2014_aarch64.whl", hash = "sha256:9582b2db47c423c21598ce36f477d4e27349eafae4ec6b651e73fd954d7edd08"},
    {file = "test_maturin_cedar-0.1.1-cp313-cp313-manylinux_2_17_armv7l.manylinux2014_armv7l.whl", hash = "sha256:582a622b98c0eed4f408ea170b41252bca04d605bc538709157a6ac868a37754"},
    {file = "test_maturin_cedar-0.1.1-cp313-cp313-manylinux_2_17_ppc64le.manylinux2014_ppc64le.whl", hash = "sha256:ffce9a53bb25dce0e14505da803e31ae8bca68b8ada309d773a5bc6639ba03f2"},
    {file = "test_maturin_cedar-0.1.1-cp313-cp313-manylinux_2_17_s390x.manylinux2014_s390x.whl", hash = "sha256:5991a6baaa1aeb9877865540a94eff914be09edaee1dfe6327b69b885bbbae58"},
    {file = "test_maturin_cedar-0.1.1.tar.gz", hash = "sha256:f6fb4141a85e3b9e3866ead185dc6de8e79f98050c527a405b53e02a08a7f4a6"},
]

[metadata]
lock-version = "2.0"
python-versions = "^3.12"
content-hash = "30209a05da86b805ffacfca33ddf8650839e19a55f1e5cc52b9d5ffdb70630a0"
